
Microsoft Visual Studio Solution File, Format Version 12.00
# Visual Studio Version 16
VisualStudioVersion = 16.0.29613.14
MinimumVisualStudioVersion = 10.0.40219.1
Project("{9A19103F-16F7-4668-BE54-9A1E7A4F7556}") = "IxMilia.Shx", "src\IxMilia.Shx\IxMilia.Shx.csproj", "{A35847CF-93EF-4B91-A777-DE9F1239C7D2}"
EndProject
Project("{9A19103F-16F7-4668-BE54-9A1E7A4F7556}") = "IxMilia.Shx.Test", "src\IxMilia.Shx.Test\IxMilia.Shx.Test.csproj", "{ACD76351-1560-47DD-81A6-27FB0BBAA3C0}"
EndProject
Global
	GlobalSection(SolutionConfigurationPlatforms) = preSolution
		Debug|Any CPU = Debug|Any CPU
		Release|Any CPU = Release|Any CPU
	EndGlobalSection
	GlobalSection(ProjectConfigurationPlatforms) = postSolution
		{A35847CF-93EF-4B91-A777-DE9F1239C7D2}.Debug|Any CPU.ActiveCfg = Debug|Any CPU
		{A35847CF-93EF-4B91-A777-DE9F1239C7D2}.Debug|Any CPU.Build.0 = Debug|Any CPU
		{A35847CF-93EF-4B91-A777-DE9F1239C7D2}.Release|Any CPU.ActiveCfg = Release|Any CPU
		{A35847CF-93EF-4B91-A777-DE9F1239C7D2}.Release|Any CPU.Build.0 = Release|Any CPU
		{ACD76351-1560-47DD-81A6-27FB0BBAA3C0}.Debug|Any CPU.ActiveCfg = Debug|Any CPU
		{ACD76351-1560-47DD-81A6-27FB0BBAA3C0}.Debug|Any CPU.Build.0 = Debug|Any CPU
		{ACD76351-1560-47DD-81A6-27FB0BBAA3C0}.Release|Any CPU.ActiveCfg = Release|Any CPU
		{ACD76351-1560-47DD-81A6-27FB0BBAA3C0}.Release|Any CPU.Build.0 = Release|Any CPU
	EndGlobalSection
	GlobalSection(SolutionProperties) = preSolution
		HideSolutionNode = FALSE
	EndGlobalSection
	GlobalSection(ExtensibilityGlobals) = postSolution
		SolutionGuid = {F2ED9CED-F389-4964-AB97-D82711735D96}
	EndGlobalSection
EndGlobal
